
Microsoft Visual Studio Solution File, Format Version 10.00
# Visual Studio 2008
Project("{FAE04EC0-301F-11D3-BF4B-00C04F79EFBC}") = "SampleServer", "SampleServer\SampleServer.csproj", "{EB683C78-E1DB-4731-BB56-DEB534E8F58C}"
EndProject
Project("{FAE04EC0-301F-11D3-BF4B-00C04F79EFBC}") = "SampleClient", "SampleClient\SampleClient.csproj", "{F9496006-E3EA-48B1-AFD0-8DAA7A480515}"
EndProject
Project("{FAE04EC0-301F-11D3-BF4B-00C04F79EFBC}") = "SampleWCFClient", "SampleWCFClient\SampleWCFClient.csproj", "{76D7770B-15B9-411C-BCB7-F85718DB3FDD}"
	ProjectSection(ProjectDependencies) = postProject
		{EB683C78-E1DB-4731-BB56-DEB534E8F58C} = {EB683C78-E1DB-4731-BB56-DEB534E8F58C}
	EndProjectSection
EndProject
Project("{FAE04EC0-301F-11D3-BF4B-00C04F79EFBC}") = "WCFExtrasPlus", "WCFExtrasPlus\WCFExtrasPlus.csproj", "{22037EAC-02C0-4A99-8A4F-8172590E64ED}"
EndProject
Global
	GlobalSection(SolutionConfigurationPlatforms) = preSolution
		Debug|Any CPU = Debug|Any CPU
		Release|Any CPU = Release|Any CPU
	EndGlobalSection
	GlobalSection(ProjectConfigurationPlatforms) = postSolution
		{EB683C78-E1DB-4731-BB56-DEB534E8F58C}.Debug|Any CPU.ActiveCfg = Debug|Any CPU
		{EB683C78-E1DB-4731-BB56-DEB534E8F58C}.Debug|Any CPU.Build.0 = Debug|Any CPU
		{EB683C78-E1DB-4731-BB56-DEB534E8F58C}.Release|Any CPU.ActiveCfg = Release|Any CPU
		{EB683C78-E1DB-4731-BB56-DEB534E8F58C}.Release|Any CPU.Build.0 = Release|Any CPU
		{F9496006-E3EA-48B1-AFD0-8DAA7A480515}.Debug|Any CPU.ActiveCfg = Debug|Any CPU
		{F9496006-E3EA-48B1-AFD0-8DAA7A480515}.Debug|Any CPU.Build.0 = Debug|Any CPU
		{F9496006-E3EA-48B1-AFD0-8DAA7A480515}.Release|Any CPU.ActiveCfg = Release|Any CPU
		{F9496006-E3EA-48B1-AFD0-8DAA7A480515}.Release|Any CPU.Build.0 = Release|Any CPU
		{76D7770B-15B9-411C-BCB7-F85718DB3FDD}.Debug|Any CPU.ActiveCfg = Debug|Any CPU
		{76D7770B-15B9-411C-BCB7-F85718DB3FDD}.Debug|Any CPU.Build.0 = Debug|Any CPU
		{76D7770B-15B9-411C-BCB7-F85718DB3FDD}.Release|Any CPU.ActiveCfg = Release|Any CPU
		{76D7770B-15B9-411C-BCB7-F85718DB3FDD}.Release|Any CPU.Build.0 = Release|Any CPU
		{22037EAC-02C0-4A99-8A4F-8172590E64ED}.Debug|Any CPU.ActiveCfg = Debug|Any CPU
		{22037EAC-02C0-4A99-8A4F-8172590E64ED}.Debug|Any CPU.Build.0 = Debug|Any CPU
		{22037EAC-02C0-4A99-8A4F-8172590E64ED}.Release|Any CPU.ActiveCfg = Release|Any CPU
		{22037EAC-02C0-4A99-8A4F-8172590E64ED}.Release|Any CPU.Build.0 = Release|Any CPU
	EndGlobalSection
	GlobalSection(SolutionProperties) = preSolution
		HideSolutionNode = FALSE
	EndGlobalSection
	GlobalSection(TeamFoundationVersionControl) = preSolution
		SccNumberOfProjects = 5
		SccEnterpriseProvider = {4CA58AB2-18FA-4F8D-95D4-32DDF27D184C}
		SccTeamFoundationServer = https://tfs06.codeplex.com/
		SccLocalPath0 = .
		SccProjectUniqueName1 = SampleClient\\SampleClient.csproj
		SccProjectName1 = SampleClient
		SccLocalPath1 = SampleClient
		SccProjectUniqueName2 = SampleServer\\SampleServer.csproj
		SccProjectName2 = SampleServer
		SccLocalPath2 = SampleServer
		SccProjectUniqueName3 = WCFExtras\\WCFExtras.csproj
		SccProjectName3 = WCFExtras
		SccLocalPath3 = WCFExtras
		SccProjectUniqueName4 = SampleWCFClient\\SampleWCFClient.csproj
		SccProjectName4 = SampleWCFClient
		SccLocalPath4 = SampleWCFClient
	EndGlobalSection
EndGlobal
